
Microsoft Visual Studio Solution File, Format Version 12.00
# Visual Studio Version 17
VisualStudioVersion = 17.7.33927.210
MinimumVisualStudioVersion = 10.0.40219.1
Project("{9A19103F-16F7-4668-BE54-9A1E7A4F7556}") = "Solucion", "Solucion.csproj", "{528F1880-5C93-4A4B-8C9B-FF0E878ED494}"
EndProject
Global
	GlobalSection(SolutionConfigurationPlatforms) = preSolution
		Debug|Any CPU = Debug|Any CPU
		Release|Any CPU = Release|Any CPU
	EndGlobalSection
	GlobalSection(ProjectConfigurationPlatforms) = postSolution
		{528F1880-5C93-4A4B-8C9B-FF0E878ED494}.Debug|Any CPU.ActiveCfg = Debug|Any CPU
		{528F1880-5C93-4A4B-8C9B-FF0E878ED494}.Debug|Any CPU.Build.0 = Debug|Any CPU
		{528F1880-5C93-4A4B-8C9B-FF0E878ED494}.Release|Any CPU.ActiveCfg = Release|Any CPU
		{528F1880-5C93-4A4B-8C9B-FF0E878ED494}.Release|Any CPU.Build.0 = Release|Any CPU
	EndGlobalSection
	GlobalSection(SolutionProperties) = preSolution
		HideSolutionNode = FALSE
	EndGlobalSection
	GlobalSection(ExtensibilityGlobals) = postSolution
		SolutionGuid = {B0E82741-421C-4369-8718-D3C5070F5D5A}
	EndGlobalSection
EndGlobal
