
Microsoft Visual Studio Solution File, Format Version 12.00
# Visual Studio Version 17
VisualStudioVersion = 17.6.33829.357
MinimumVisualStudioVersion = 10.0.40219.1
Project("{9A19103F-16F7-4668-BE54-9A1E7A4F7556}") = "Cajero", "Cajero\Cajero.csproj", "{06C1EE6F-0EE6-45D0-9CBC-D0663ED59F6B}"
EndProject
Project("{9A19103F-16F7-4668-BE54-9A1E7A4F7556}") = "PruebasUnitarias", "PruebasUnitarias\PruebasUnitarias.csproj", "{570FAED4-7CA6-4354-B917-281643E01647}"
EndProject
Global
	GlobalSection(SolutionConfigurationPlatforms) = preSolution
		Debug|Any CPU = Debug|Any CPU
		Release|Any CPU = Release|Any CPU
	EndGlobalSection
	GlobalSection(ProjectConfigurationPlatforms) = postSolution
		{06C1EE6F-0EE6-45D0-9CBC-D0663ED59F6B}.Debug|Any CPU.ActiveCfg = Debug|Any CPU
		{06C1EE6F-0EE6-45D0-9CBC-D0663ED59F6B}.Debug|Any CPU.Build.0 = Debug|Any CPU
		{06C1EE6F-0EE6-45D0-9CBC-D0663ED59F6B}.Release|Any CPU.ActiveCfg = Release|Any CPU
		{06C1EE6F-0EE6-45D0-9CBC-D0663ED59F6B}.Release|Any CPU.Build.0 = Release|Any CPU
		{570FAED4-7CA6-4354-B917-281643E01647}.Debug|Any CPU.ActiveCfg = Debug|Any CPU
		{570FAED4-7CA6-4354-B917-281643E01647}.Debug|Any CPU.Build.0 = Debug|Any CPU
		{570FAED4-7CA6-4354-B917-281643E01647}.Release|Any CPU.ActiveCfg = Release|Any CPU
		{570FAED4-7CA6-4354-B917-281643E01647}.Release|Any CPU.Build.0 = Release|Any CPU
	EndGlobalSection
	GlobalSection(SolutionProperties) = preSolution
		HideSolutionNode = FALSE
	EndGlobalSection
	GlobalSection(ExtensibilityGlobals) = postSolution
		SolutionGuid = {73C0D7D9-9788-4565-BCF0-DDAFE6ABE6E6}
	EndGlobalSection
EndGlobal
